
Microsoft Visual Studio Solution File, Format Version 12.00
# Visual Studio Version 17
VisualStudioVersion = 17.12.35527.113 d17.12
MinimumVisualStudioVersion = 10.0.40219.1
Project("{FAE04EC0-301F-11D3-BF4B-00C04F79EFBC}") = "WizardVS", "WizardVS.csproj", "{0040E7AC-19FA-4FD7-8C23-3D4A341ACCFE}"
EndProject
Global
	GlobalSection(SolutionConfigurationPlatforms) = preSolution
		Debug|Any CPU = Debug|Any CPU
		Release|Any CPU = Release|Any CPU
	EndGlobalSection
	GlobalSection(ProjectConfigurationPlatforms) = postSolution
		{0040E7AC-19FA-4FD7-8C23-3D4A341ACCFE}.Debug|Any CPU.ActiveCfg = Debug|Any CPU
		{0040E7AC-19FA-4FD7-8C23-3D4A341ACCFE}.Debug|Any CPU.Build.0 = Debug|Any CPU
		{0040E7AC-19FA-4FD7-8C23-3D4A341ACCFE}.Release|Any CPU.ActiveCfg = Release|Any CPU
		{0040E7AC-19FA-4FD7-8C23-3D4A341ACCFE}.Release|Any CPU.Build.0 = Release|Any CPU
	EndGlobalSection
	GlobalSection(SolutionProperties) = preSolution
		HideSolutionNode = FALSE
	EndGlobalSection
EndGlobal
